
Microsoft Visual Studio Solution File, Format Version 12.00
# Visual Studio 15
VisualStudioVersion = 15.0.27004.2002
MinimumVisualStudioVersion = 10.0.40219.1
Project("{FAE04EC0-301F-11D3-BF4B-00C04F79EFBC}") = "TorStartupCS", "TorStartupCS\TorStartupCS.csproj", "{28338313-8BD8-4A3F-A996-A0536D7B6542}"
EndProject
Global
	GlobalSection(SolutionConfigurationPlatforms) = preSolution
		Debug|Any CPU = Debug|Any CPU
		Release|Any CPU = Release|Any CPU
	EndGlobalSection
	GlobalSection(ProjectConfigurationPlatforms) = postSolution
		{28338313-8BD8-4A3F-A996-A0536D7B6542}.Debug|Any CPU.ActiveCfg = Debug|Any CPU
		{28338313-8BD8-4A3F-A996-A0536D7B6542}.Debug|Any CPU.Build.0 = Debug|Any CPU
		{28338313-8BD8-4A3F-A996-A0536D7B6542}.Release|Any CPU.ActiveCfg = Release|Any CPU
		{28338313-8BD8-4A3F-A996-A0536D7B6542}.Release|Any CPU.Build.0 = Release|Any CPU
	EndGlobalSection
	GlobalSection(SolutionProperties) = preSolution
		HideSolutionNode = FALSE
	EndGlobalSection
	GlobalSection(ExtensibilityGlobals) = postSolution
		SolutionGuid = {6A282F1C-7598-4440-ADE3-0363FC30F555}
	EndGlobalSection
EndGlobal
